
Microsoft Visual Studio Solution File, Format Version 12.00
# Visual Studio Version 17
VisualStudioVersion = 17.11.35312.102
MinimumVisualStudioVersion = 10.0.40219.1
Project("{FAE04EC0-301F-11D3-BF4B-00C04F79EFBC}") = "oefening2.1_startercode", "oefening2.1_startercode.csproj", "{5827BBC4-46E5-4FDA-96BC-7B4B2FF7C861}"
EndProject
Project("{FAE04EC0-301F-11D3-BF4B-00C04F79EFBC}") = "oefening2.1_testcode", "..\oefening2.1_testcode\oefening2.1_testcode.csproj", "{A9A1C499-B54A-4C1F-9024-718F88A40191}"
EndProject
Global
	GlobalSection(SolutionConfigurationPlatforms) = preSolution
		Debug|Any CPU = Debug|Any CPU
		Release|Any CPU = Release|Any CPU
	EndGlobalSection
	GlobalSection(ProjectConfigurationPlatforms) = postSolution
		{5827BBC4-46E5-4FDA-96BC-7B4B2FF7C861}.Debug|Any CPU.ActiveCfg = Debug|Any CPU
		{5827BBC4-46E5-4FDA-96BC-7B4B2FF7C861}.Debug|Any CPU.Build.0 = Debug|Any CPU
		{5827BBC4-46E5-4FDA-96BC-7B4B2FF7C861}.Release|Any CPU.ActiveCfg = Release|Any CPU
		{5827BBC4-46E5-4FDA-96BC-7B4B2FF7C861}.Release|Any CPU.Build.0 = Release|Any CPU
		{A9A1C499-B54A-4C1F-9024-718F88A40191}.Debug|Any CPU.ActiveCfg = Debug|Any CPU
		{A9A1C499-B54A-4C1F-9024-718F88A40191}.Debug|Any CPU.Build.0 = Debug|Any CPU
		{A9A1C499-B54A-4C1F-9024-718F88A40191}.Release|Any CPU.ActiveCfg = Release|Any CPU
		{A9A1C499-B54A-4C1F-9024-718F88A40191}.Release|Any CPU.Build.0 = Release|Any CPU
	EndGlobalSection
	GlobalSection(SolutionProperties) = preSolution
		HideSolutionNode = FALSE
	EndGlobalSection
	GlobalSection(ExtensibilityGlobals) = postSolution
		SolutionGuid = {BEA8DC99-741F-4531-B521-9DA435180140}
	EndGlobalSection
EndGlobal
